
Microsoft Visual Studio Solution File, Format Version 12.00
# Visual Studio Version 17
VisualStudioVersion = 17.8.34316.72
MinimumVisualStudioVersion = 10.0.40219.1
Project("{FAE04EC0-301F-11D3-BF4B-00C04F79EFBC}") = "Shang4Gu3In1", "Shang4Gu3In1.csproj", "{2C26FF26-B2FC-4558-914D-28EA13EAE06C}"
EndProject
Global
	GlobalSection(SolutionConfigurationPlatforms) = preSolution
		Debug|Any CPU = Debug|Any CPU
		Release|Any CPU = Release|Any CPU
	EndGlobalSection
	GlobalSection(ProjectConfigurationPlatforms) = postSolution
		{2C26FF26-B2FC-4558-914D-28EA13EAE06C}.Debug|Any CPU.ActiveCfg = Debug|Any CPU
		{2C26FF26-B2FC-4558-914D-28EA13EAE06C}.Debug|Any CPU.Build.0 = Debug|Any CPU
		{2C26FF26-B2FC-4558-914D-28EA13EAE06C}.Release|Any CPU.ActiveCfg = Release|Any CPU
		{2C26FF26-B2FC-4558-914D-28EA13EAE06C}.Release|Any CPU.Build.0 = Release|Any CPU
	EndGlobalSection
	GlobalSection(SolutionProperties) = preSolution
		HideSolutionNode = FALSE
	EndGlobalSection
	GlobalSection(ExtensibilityGlobals) = postSolution
		SolutionGuid = {025FEF0C-8DBD-4E0F-A78F-C654F474B529}
	EndGlobalSection
EndGlobal
